# This file is automatically @generated by Cargo.
# It is not intended for manual editing.
version = 4

[[package]]
name = "ast"
version = "0.1.0"

[[package]]
name = "ast_parser"
version = "0.1.0"

[[package]]
name = "compiler_errors"
version = "0.1.0"

[[package]]
name = "compiler_main"
version = "0.1.0"

[[package]]
name = "compiler_utils"
version = "0.1.0"

[[package]]
name = "lexer"
version = "0.1.0"

[[package]]
name = "pastel_ir"
version = "0.1.0"

[[package]]
name = "pastel_parser"
version = "0.1.0"
