# This file is automatically @generated by Cargo.
# It is not intended for manual editing.
version = 4

[[package]]
name = "anyhow"
version = "1.0.102"
source = "registry+https://github.com/rust-lang/crates.io-index"
checksum = "7f202df86484c868dbad7eaa557ef785d5c66295e41b460ef922eca0723b842c"

[[package]]
name = "ast"
version = "0.1.0"
dependencies = [
 "compiler_typing",
 "compiler_utils",
 "diagnostics",
 "lexer",
]

[[package]]
name = "ast_parser"
version = "0.1.0"
dependencies = [
 "ast",
 "compiler_typing",
 "compiler_utils",
 "diagnostics",
 "lexer",
]

[[package]]
name = "astoir"
version = "0.1.0"
dependencies = [
 "ast",
 "astoir_hir",
 "astoir_hir_lowering",
 "astoir_mir",
 "astoir_mir_lowering",
 "diagnostics",
]

[[package]]
name = "astoir_hir"
version = "0.1.0"
dependencies = [
 "compiler_typing",
 "compiler_utils",
 "diagnostics",
 "lexer",
]

[[package]]
name = "astoir_hir_lowering"
version = "0.1.0"
dependencies = [
 "ast",
 "ast_parser",
 "astoir_hir",
 "compiler_typing",
 "compiler_utils",
 "diagnostics",
 "lexer",
 "prelude",
]

[[package]]
name = "astoir_mir"
version = "0.1.0"
dependencies = [
 "compiler_typing",
 "compiler_utils",
 "diagnostics",
]

[[package]]
name = "astoir_mir_lowering"
version = "0.1.0"
dependencies = [
 "astoir_hir",
 "astoir_mir",
 "compiler_typing",
 "compiler_utils",
 "diagnostics",
]

[[package]]
name = "bitflags"
version = "2.11.0"
source = "registry+https://github.com/rust-lang/crates.io-index"
checksum = "843867be96c8daad0d758b57df9392b6d8d271134fce549de6ce169ff98a92af"

[[package]]
name = "cc"
version = "1.2.57"
source = "registry+https://github.com/rust-lang/crates.io-index"
checksum = "7a0dd1ca384932ff3641c8718a02769f1698e7563dc6974ffd03346116310423"
dependencies = [
 "find-msvc-tools",
 "shlex",
]

[[package]]
name = "cfg-if"
version = "1.0.4"
source = "registry+https://github.com/rust-lang/crates.io-index"
checksum = "9330f8b2ff13f34540b44e946ef35111825727b38d33286ef986142615121801"

[[package]]
name = "colored"
version = "3.1.1"
source = "registry+https://github.com/rust-lang/crates.io-index"
checksum = "faf9468729b8cbcea668e36183cb69d317348c2e08e994829fb56ebfdfbaac34"
dependencies = [
 "windows-sys",
]

[[package]]
name = "compiler_main"
version = "0.1.0"
dependencies = [
 "ast",
 "ast_parser",
 "astoir",
 "compiler_utils",
 "diagnostics",
 "lexer",
 "llvm_ir_bridge",
]

[[package]]
name = "compiler_typing"
version = "0.1.0"
dependencies = [
 "compiler_utils",
 "diagnostics",
]

[[package]]
name = "compiler_utils"
version = "0.1.0"

[[package]]
name = "diagnostics"
version = "0.1.0"
dependencies = [
 "colored",
 "compiler_utils",
]

[[package]]
name = "find-msvc-tools"
version = "0.1.9"
source = "registry+https://github.com/rust-lang/crates.io-index"
checksum = "5baebc0774151f905a1a2cc41989300b1e6fbb29aff0ceffa1064fdd3088d582"

[[package]]
name = "getrandom"
version = "0.2.17"
source = "registry+https://github.com/rust-lang/crates.io-index"
checksum = "ff2abc00be7fca6ebc474524697ae276ad847ad0a6b3faa4bcb027e9a4614ad0"
dependencies = [
 "cfg-if",
 "libc",
 "wasi",
]

[[package]]
name = "inkwell"
version = "0.8.0"
source = "git+https://github.com/TheDan64/inkwell#07fa9f2435a9ee0521b88008324f229ff51a5b3e"
dependencies = [
 "bitflags",
 "inkwell_internals",
 "libc",
 "llvm-sys",
 "thiserror",
]

[[package]]
name = "inkwell_internals"
version = "0.13.0"
source = "git+https://github.com/TheDan64/inkwell#07fa9f2435a9ee0521b88008324f229ff51a5b3e"
dependencies = [
 "proc-macro2",
 "quote",
 "syn",
]

[[package]]
name = "lazy_static"
version = "1.5.0"
source = "registry+https://github.com/rust-lang/crates.io-index"
checksum = "bbd2bcb4c963f2ddae06a2efc7e9f3591312473c50c6685e1f298068316e66fe"

[[package]]
name = "lexer"
version = "0.1.0"
dependencies = [
 "compiler_utils",
 "diagnostics",
]

[[package]]
name = "libc"
version = "0.2.183"
source = "registry+https://github.com/rust-lang/crates.io-index"
checksum = "b5b646652bf6661599e1da8901b3b9522896f01e736bad5f723fe7a3a27f899d"

[[package]]
name = "llvm-sys"
version = "221.0.0"
source = "registry+https://github.com/rust-lang/crates.io-index"
checksum = "eb985e19ce5d9d75d8a7aa741fde1a7381c092cf9e38896f57ae72bfa0a5dbe2"
dependencies = [
 "anyhow",
 "cc",
 "lazy_static",
 "libc",
 "regex-lite",
 "semver",
]

[[package]]
name = "llvm_ir_bridge"
version = "0.1.0"
dependencies = [
 "astoir_mir",
 "compiler_typing",
 "inkwell",
 "rand",
]

[[package]]
name = "ppv-lite86"
version = "0.2.21"
source = "registry+https://github.com/rust-lang/crates.io-index"
checksum = "85eae3c4ed2f50dcfe72643da4befc30deadb458a9b590d720cde2f2b1e97da9"
dependencies = [
 "zerocopy",
]

[[package]]
name = "prelude"
version = "0.1.0"
dependencies = [
 "astoir_hir",
 "compiler_typing",
 "compiler_utils",
 "diagnostics",
]

[[package]]
name = "proc-macro2"
version = "1.0.106"
source = "registry+https://github.com/rust-lang/crates.io-index"
checksum = "8fd00f0bb2e90d81d1044c2b32617f68fcb9fa3bb7640c23e9c748e53fb30934"
dependencies = [
 "unicode-ident",
]

[[package]]
name = "quote"
version = "1.0.45"
source = "registry+https://github.com/rust-lang/crates.io-index"
checksum = "41f2619966050689382d2b44f664f4bc593e129785a36d6ee376ddf37259b924"
dependencies = [
 "proc-macro2",
]

[[package]]
name = "rand"
version = "0.8.5"
source = "registry+https://github.com/rust-lang/crates.io-index"
checksum = "34af8d1a0e25924bc5b7c43c079c942339d8f0a8b57c39049bef581b46327404"
dependencies = [
 "libc",
 "rand_chacha",
 "rand_core",
]

[[package]]
name = "rand_chacha"
version = "0.3.1"
source = "registry+https://github.com/rust-lang/crates.io-index"
checksum = "e6c10a63a0fa32252be49d21e7709d4d4baf8d231c2dbce1eaa8141b9b127d88"
dependencies = [
 "ppv-lite86",
 "rand_core",
]

[[package]]
name = "rand_core"
version = "0.6.4"
source = "registry+https://github.com/rust-lang/crates.io-index"
checksum = "ec0be4795e2f6a28069bec0b5ff3e2ac9bafc99e6a9a7dc3547996c5c816922c"
dependencies = [
 "getrandom",
]

[[package]]
name = "regex-lite"
version = "0.1.9"
source = "registry+https://github.com/rust-lang/crates.io-index"
checksum = "cab834c73d247e67f4fae452806d17d3c7501756d98c8808d7c9c7aa7d18f973"

[[package]]
name = "semver"
version = "1.0.27"
source = "registry+https://github.com/rust-lang/crates.io-index"
checksum = "d767eb0aabc880b29956c35734170f26ed551a859dbd361d140cdbeca61ab1e2"

[[package]]
name = "shlex"
version = "1.3.0"
source = "registry+https://github.com/rust-lang/crates.io-index"
checksum = "0fda2ff0d084019ba4d7c6f371c95d8fd75ce3524c3cb8fb653a3023f6323e64"

[[package]]
name = "syn"
version = "2.0.117"
source = "registry+https://github.com/rust-lang/crates.io-index"
checksum = "e665b8803e7b1d2a727f4023456bbbbe74da67099c585258af0ad9c5013b9b99"
dependencies = [
 "proc-macro2",
 "quote",
 "unicode-ident",
]

[[package]]
name = "thiserror"
version = "2.0.18"
source = "registry+https://github.com/rust-lang/crates.io-index"
checksum = "4288b5bcbc7920c07a1149a35cf9590a2aa808e0bc1eafaade0b80947865fbc4"
dependencies = [
 "thiserror-impl",
]

[[package]]
name = "thiserror-impl"
version = "2.0.18"
source = "registry+https://github.com/rust-lang/crates.io-index"
checksum = "ebc4ee7f67670e9b64d05fa4253e753e016c6c95ff35b89b7941d6b856dec1d5"
dependencies = [
 "proc-macro2",
 "quote",
 "syn",
]

[[package]]
name = "unicode-ident"
version = "1.0.24"
source = "registry+https://github.com/rust-lang/crates.io-index"
checksum = "e6e4313cd5fcd3dad5cafa179702e2b244f760991f45397d14d4ebf38247da75"

[[package]]
name = "wasi"
version = "0.11.1+wasi-snapshot-preview1"
source = "registry+https://github.com/rust-lang/crates.io-index"
checksum = "ccf3ec651a847eb01de73ccad15eb7d99f80485de043efb2f370cd654f4ea44b"

[[package]]
name = "windows-link"
version = "0.2.1"
source = "registry+https://github.com/rust-lang/crates.io-index"
checksum = "f0805222e57f7521d6a62e36fa9163bc891acd422f971defe97d64e70d0a4fe5"

[[package]]
name = "windows-sys"
version = "0.61.2"
source = "registry+https://github.com/rust-lang/crates.io-index"
checksum = "ae137229bcbd6cdf0f7b80a31df61766145077ddf49416a728b02cb3921ff3fc"
dependencies = [
 "windows-link",
]

[[package]]
name = "zerocopy"
version = "0.8.42"
source = "registry+https://github.com/rust-lang/crates.io-index"
checksum = "f2578b716f8a7a858b7f02d5bd870c14bf4ddbbcf3a4c05414ba6503640505e3"
dependencies = [
 "zerocopy-derive",
]

[[package]]
name = "zerocopy-derive"
version = "0.8.42"
source = "registry+https://github.com/rust-lang/crates.io-index"
checksum = "7e6cc098ea4d3bd6246687de65af3f920c430e236bee1e3bf2e441463f08a02f"
dependencies = [
 "proc-macro2",
 "quote",
 "syn",
]
